{
  "projects": [
    {
      "projectId": "ohDidvG9XsCeFumugENU3J",
      "version": "6.35.0",
      "dependencies": {},
      "lang": "js",
      "fileLocks": [
        {
          "assetId": "ohDidvG9XsCeFumugENU3J",
          "type": "projectCss",
          "checksum": "c33cca495b4f537180cbc434c3f872b9"
        },
        {
          "assetId": "ohDidvG9XsCeFumugENU3J",
          "checksum": "f35a7050af9ad27b5adac4d101d88037",
          "type": "globalContexts"
        },
        {
          "assetId": "ohDidvG9XsCeFumugENU3J",
          "checksum": "c425737058d1ac29382a23e54666cb69",
          "type": "projectModule"
        },
        {
          "assetId": "ohDidvG9XsCeFumugENU3J",
          "checksum": "39f2bd024eac89b20b4a8ed8ef628efd",
          "type": "styleTokensProvider"
        }
      ],
      "codegenVersion": "0.0.2"
    },
    {
      "projectId": "gmeH6XgPaBtkt51HunAo4g",
      "version": "18.28.0",
      "dependencies": {},
      "lang": "js",
      "fileLocks": [
        {
          "assetId": "gmeH6XgPaBtkt51HunAo4g",
          "type": "projectCss",
          "checksum": "56a5d447501c0753e4cf451641894e78"
        },
        {
          "assetId": "gmeH6XgPaBtkt51HunAo4g",
          "checksum": "b257914c183ee7b8f06149f466106930",
          "type": "projectModule"
        },
        {
          "assetId": "gmeH6XgPaBtkt51HunAo4g",
          "checksum": "4b5f09b218e05c2944d99d725c0d2de2",
          "type": "styleTokensProvider"
        }
      ],
      "codegenVersion": "0.0.2"
    },
    {
      "projectId": "7Btu5J2C2vcmf5tsuHc6dV",
      "version": "latest",
      "dependencies": {
        "gmeH6XgPaBtkt51HunAo4g": "18.28.0",
        "ohDidvG9XsCeFumugENU3J": "6.35.0"
      },
      "lang": "js",
      "fileLocks": [
        {
          "type": "globalVariant",
          "assetId": "I7sLW2-_4P8o",
          "checksum": "192a31acb0922e7be999edddd7395fbf"
        },
        {
          "assetId": "7Btu5J2C2vcmf5tsuHc6dV",
          "type": "projectCss",
          "checksum": "8dd715e423e8a664b6ab56a9bf752f88"
        },
        {
          "assetId": "7Btu5J2C2vcmf5tsuHc6dV",
          "checksum": "0b90a18e736e766f292a7071b841039f",
          "type": "globalContexts"
        },
        {
          "assetId": "7Btu5J2C2vcmf5tsuHc6dV",
          "checksum": "c284387aa7cd0566b164034c2b78b105",
          "type": "projectModule"
        },
        {
          "assetId": "7Btu5J2C2vcmf5tsuHc6dV",
          "checksum": "edb8ce61c18501a5ae36aab89f5f98ba",
          "type": "styleTokensProvider"
        },
        {
          "type": "renderModule",
          "assetId": "4CzVX7UGv4RN",
          "checksum": "867778a1387058fb8a779809cb52f93a"
        },
        {
          "type": "cssRules",
          "assetId": "4CzVX7UGv4RN",
          "checksum": "867778a1387058fb8a779809cb52f93a"
        },
        {
          "type": "renderModule",
          "assetId": "pJeLBLN81XzK",
          "checksum": "bfd321207c3fc43d1deebe36e182b4da"
        },
        {
          "type": "cssRules",
          "assetId": "pJeLBLN81XzK",
          "checksum": "bfd321207c3fc43d1deebe36e182b4da"
        },
        {
          "type": "renderModule",
          "assetId": "1_rwYCn2mPKT",
          "checksum": "5f8956a132dad39ce5ffbe6f8735de61"
        },
        {
          "type": "cssRules",
          "assetId": "1_rwYCn2mPKT",
          "checksum": "5f8956a132dad39ce5ffbe6f8735de61"
        },
        {
          "type": "renderModule",
          "assetId": "G095To7nT4ho",
          "checksum": "9578e1110bc78ddb2cdbec3c7311b10e"
        },
        {
          "type": "cssRules",
          "assetId": "G095To7nT4ho",
          "checksum": "9578e1110bc78ddb2cdbec3c7311b10e"
        },
        {
          "type": "renderModule",
          "assetId": "0vDQaIBo3KmC",
          "checksum": "42f1c1e7e480eadf863aeebccc7b0a22"
        },
        {
          "type": "cssRules",
          "assetId": "0vDQaIBo3KmC",
          "checksum": "42f1c1e7e480eadf863aeebccc7b0a22"
        },
        {
          "type": "renderModule",
          "assetId": "pj2qurJlWTWX",
          "checksum": "136229dc548c4ede539622ca77ced496"
        },
        {
          "type": "cssRules",
          "assetId": "pj2qurJlWTWX",
          "checksum": "136229dc548c4ede539622ca77ced496"
        },
        {
          "type": "renderModule",
          "assetId": "rOL53Ae4m72k",
          "checksum": "da15def2209606d28914f39b104a9a55"
        },
        {
          "type": "cssRules",
          "assetId": "rOL53Ae4m72k",
          "checksum": "da15def2209606d28914f39b104a9a55"
        },
        {
          "type": "renderModule",
          "assetId": "U3UmUf1MvfGn",
          "checksum": "4a91b093249f7ab278567dc927aff285"
        },
        {
          "type": "cssRules",
          "assetId": "U3UmUf1MvfGn",
          "checksum": "4a91b093249f7ab278567dc927aff285"
        },
        {
          "type": "renderModule",
          "assetId": "J7ZSDwwVqGUZ",
          "checksum": "ff963377a1d2eca7517b410d72ba8122"
        },
        {
          "type": "cssRules",
          "assetId": "J7ZSDwwVqGUZ",
          "checksum": "ff963377a1d2eca7517b410d72ba8122"
        },
        {
          "type": "renderModule",
          "assetId": "A_y8NAu0wV3a",
          "checksum": "27253f4100cbd4468961171c38055cae"
        },
        {
          "type": "cssRules",
          "assetId": "A_y8NAu0wV3a",
          "checksum": "27253f4100cbd4468961171c38055cae"
        },
        {
          "type": "renderModule",
          "assetId": "ptoitlZzcWXg",
          "checksum": "3144f020eaea7e22f388bb5d432d213e"
        },
        {
          "type": "cssRules",
          "assetId": "ptoitlZzcWXg",
          "checksum": "3144f020eaea7e22f388bb5d432d213e"
        },
        {
          "type": "icon",
          "assetId": "rmimX76DFuld",
          "checksum": "a06284c32a5d18ccce5aa723e5159bfc"
        },
        {
          "type": "icon",
          "assetId": "i36rWGJNHCb1",
          "checksum": "8d72456163d2ee98585a844e285ca2b5"
        },
        {
          "type": "icon",
          "assetId": "bpsLJ93ouDLv",
          "checksum": "fe19ba454d435651cedf0ed00c575c52"
        },
        {
          "type": "icon",
          "assetId": "wXPsmpnxCKz1",
          "checksum": "68b16beea79d9da2888634c215050249"
        },
        {
          "type": "icon",
          "assetId": "JcKhqLwyakHg",
          "checksum": "97637560121f7ae6fc9c611d177b865a"
        },
        {
          "type": "icon",
          "assetId": "HsNx3NJYwGMf",
          "checksum": "ee6a9868e61c8c40cdad87c77268c107"
        },
        {
          "type": "icon",
          "assetId": "TwxR6Blkz6R2",
          "checksum": "32e709211098622f4ef26f36ea06aa51"
        },
        {
          "type": "icon",
          "assetId": "ZJQKlWDZvD1-",
          "checksum": "5eef1b97e45e896e55c05706e5e5dc9b"
        },
        {
          "type": "icon",
          "assetId": "NWPb03-Zpb-h",
          "checksum": "7b844a1d27e043ae31d4603d01ccd29e"
        },
        {
          "type": "icon",
          "assetId": "zTd98KU1zXtV",
          "checksum": "4a919d68ecfef9ffb062be71388b9064"
        },
        {
          "type": "icon",
          "assetId": "1CNBRaLi11Sn",
          "checksum": "1295326b973639a5d170f7928a7252b6"
        },
        {
          "type": "icon",
          "assetId": "ccrgv1JpVXw5",
          "checksum": "95ccf424390b5e1d822911a592ff7735"
        },
        {
          "type": "icon",
          "assetId": "qGVYihJQYexO",
          "checksum": "2a31907476ac8d6d76d75ef182d26235"
        },
        {
          "type": "icon",
          "assetId": "Lnw0uLovDxRO",
          "checksum": "bb5e2a3c8687bf9a74ddabcd841eca70"
        },
        {
          "type": "icon",
          "assetId": "jRQZZoX447V8",
          "checksum": "866359139616e0ad26eb081355740a2f"
        },
        {
          "type": "icon",
          "assetId": "v0gQgbyNwdQi",
          "checksum": "0afa03fa832dde249fc83bc252195a64"
        },
        {
          "type": "icon",
          "assetId": "_HY29KdDcuze",
          "checksum": "49b0546aee3e44dfd26cdd7f60c6f847"
        },
        {
          "type": "icon",
          "assetId": "QzRAPJ4PFeZt",
          "checksum": "f2b4822b318458c7e41087d50956b1e6"
        },
        {
          "type": "icon",
          "assetId": "8RRU0FNteBSK",
          "checksum": "504a0d71f23b3aa429732f4e9ec97036"
        },
        {
          "type": "icon",
          "assetId": "6kCNlBJ1Oz1Q",
          "checksum": "6493d794497e5870dea4c35515a0f4d9"
        },
        {
          "type": "icon",
          "assetId": "AtfnMsJ3Ir3_",
          "checksum": "d6d5d194dd20e979a11a39e0ebf9db31"
        },
        {
          "type": "icon",
          "assetId": "OQwpIwzEXAjr",
          "checksum": "01f154b6e155bf6cebaee3368a1637b6"
        },
        {
          "type": "icon",
          "assetId": "5d5A7mYWGquz",
          "checksum": "e996fb356157e1a8411ba3907a201502"
        },
        {
          "type": "icon",
          "assetId": "6UqHphop7FmC",
          "checksum": "01e361004299a7513c98d464a5db69c8"
        },
        {
          "type": "icon",
          "assetId": "LxE_eGi3Ywfd",
          "checksum": "ad40d11ca773e280f198b46a070db9b3"
        },
        {
          "type": "icon",
          "assetId": "qPx4dlm6kluA",
          "checksum": "a887088035d8cc5b2be869c610ef91f3"
        },
        {
          "type": "icon",
          "assetId": "LgrXyaDlkprF",
          "checksum": "52d51c4d83ea78ba287bdf66e663504c"
        },
        {
          "type": "icon",
          "assetId": "VTi4CwwKWY4d",
          "checksum": "b2851e5344b08aeb49dcfd7cfc4a22db"
        },
        {
          "type": "icon",
          "assetId": "6BSJCxafDHDO",
          "checksum": "2c8e0ef283d09a903f10ba5edc7052c6"
        },
        {
          "type": "icon",
          "assetId": "WaGWUEA940fo",
          "checksum": "64c7c604ea4daee80618e9f124e73fec"
        },
        {
          "type": "icon",
          "assetId": "lTBwV1--PKkG",
          "checksum": "dde06edaa56cd1af279bca9985fe1e30"
        },
        {
          "type": "icon",
          "assetId": "EbhmCUUZt-oO",
          "checksum": "d2826e8108b84edd4fd77c249fc75933"
        },
        {
          "type": "icon",
          "assetId": "csXrzkDJlu9D",
          "checksum": "292329667be34e40b00a4ad5d19c6c6a"
        },
        {
          "type": "icon",
          "assetId": "BmKuF9S9zL-K",
          "checksum": "a8b9b333e613c3843f8fc9c84fd1ad7b"
        },
        {
          "type": "icon",
          "assetId": "jTaCgWVWzC6J",
          "checksum": "5fcdf71f8c1202c211590ba98a1c32d8"
        },
        {
          "type": "icon",
          "assetId": "_vIsHPx8p2HV",
          "checksum": "89c07c2c86d7b7f6760759b959a63b32"
        },
        {
          "type": "icon",
          "assetId": "zdnwNvN-FCNW",
          "checksum": "8a722d34e90f4818a0169be7a986b594"
        },
        {
          "type": "icon",
          "assetId": "pFQ1am8vgmIS",
          "checksum": "6e82c7e584c8e512187e0441b59a3026"
        },
        {
          "type": "icon",
          "assetId": "Yqtarv3qW7yx",
          "checksum": "8c315a4b08c06281f3915d75f65677a3"
        },
        {
          "type": "icon",
          "assetId": "kBH2eD0xSr5j",
          "checksum": "05993609d5da3f343db0c42e8f308035"
        },
        {
          "type": "icon",
          "assetId": "rRqUMETJ-2PU",
          "checksum": "cb1626fb8679c243fa58b0a976124bd6"
        },
        {
          "type": "icon",
          "assetId": "0mA-S0PbRUAG",
          "checksum": "dd4b28b1189153f70d741a3db9832fb8"
        },
        {
          "type": "icon",
          "assetId": "nUmgMdLlAPsB",
          "checksum": "90156dee5e96e10583f2027932719a86"
        },
        {
          "type": "icon",
          "assetId": "QzOaJNTvSoPP",
          "checksum": "623627f47397e6184c6417f44920dff1"
        },
        {
          "type": "icon",
          "assetId": "HR7OiVqxncdb",
          "checksum": "92e339b3bba6bc909bda302ad16ab718"
        },
        {
          "type": "icon",
          "assetId": "-o_tTOAW7PT1",
          "checksum": "3931d8965acbcb5aa8ac99ff55efb6d2"
        },
        {
          "type": "icon",
          "assetId": "_BQZi2n4rv8X",
          "checksum": "d0f158dd45e52bafe48f60f858ea1285"
        },
        {
          "type": "image",
          "assetId": "rV68ZV9vP2iS",
          "checksum": "ef2bfc50b4c7306e9903595890900c76"
        },
        {
          "type": "image",
          "assetId": "LyUh_uE6X0Jz",
          "checksum": "db7b2a71035b6441caf8472d7457e667"
        },
        {
          "type": "image",
          "assetId": "WONT-t3WvQEm",
          "checksum": "da4ecfec656bff05d9e9cc09ce436f76"
        },
        {
          "type": "image",
          "assetId": "MpQhqvCM4cX2",
          "checksum": "4a5d99341e3a379fd14f90e7e8b8fd3c"
        },
        {
          "type": "image",
          "assetId": "x4CCibqaWcUX",
          "checksum": "b5f80d4414afe4671022fcc818963c5b"
        },
        {
          "type": "image",
          "assetId": "hmpB-tV-yTbp",
          "checksum": "04464b94edc7d42ef87fa4580797a32a"
        },
        {
          "type": "image",
          "assetId": "BRYbjmPicZL-",
          "checksum": "4a118a382d532a9139f4083e4227fd80"
        },
        {
          "type": "image",
          "assetId": "Bx0Bgp4rhNRI",
          "checksum": "c95868024a1e332dd89768f05409c8a3"
        },
        {
          "type": "image",
          "assetId": "8LUMbUXEmEpU",
          "checksum": "ea84b82ef47a75db5b7e414e2b8209ba"
        },
        {
          "type": "image",
          "assetId": "gpPJhGS7liEb",
          "checksum": "71bbd953313003ef2c412e767bfd8945"
        },
        {
          "type": "image",
          "assetId": "UxkFAC7WG0zH",
          "checksum": "3f233ad2e1800ef0592933542c95c062"
        }
      ],
      "codegenVersion": "0.0.2"
    }
  ],
  "cliVersion": "0.1.348"
}
